
Microsoft Visual Studio Solution File, Format Version 12.00
# Visual Studio 11
Project("{8BC9CEB8-8B4A-11D0-8D11-00A0C91BC942}") = "DecisionTreeLib", "DecisionTreeLib\DecisionTreeLib.vcxproj", "{E7630738-26EB-AA58-5510-3DD7A648160D}"
EndProject
Project("{8BC9CEB8-8B4A-11D0-8D11-00A0C91BC942}") = "SimplePruning", "SimplePruning\SimplePruning.vcxproj", "{967BAC19-2D55-136B-CE1A-8EB44E9CAB84}"
	ProjectSection(ProjectDependencies) = postProject
		{E7630738-26EB-AA58-5510-3DD7A648160D} = {E7630738-26EB-AA58-5510-3DD7A648160D}
	EndProjectSection
EndProject
Global
	GlobalSection(SolutionConfigurationPlatforms) = preSolution
		Debug|Win32 = Debug|Win32
		Release|Win32 = Release|Win32
	EndGlobalSection
	GlobalSection(ProjectConfigurationPlatforms) = postSolution
		{967BAC19-2D55-136B-CE1A-8EB44E9CAB84}.Debug|Win32.ActiveCfg = Debug|Win32
		{967BAC19-2D55-136B-CE1A-8EB44E9CAB84}.Debug|Win32.Build.0 = Debug|Win32
		{967BAC19-2D55-136B-CE1A-8EB44E9CAB84}.Release|Win32.ActiveCfg = Release|Win32
		{967BAC19-2D55-136B-CE1A-8EB44E9CAB84}.Release|Win32.Build.0 = Release|Win32
		{E7630738-26EB-AA58-5510-3DD7A648160D}.Debug|Win32.ActiveCfg = Debug|Win32
		{E7630738-26EB-AA58-5510-3DD7A648160D}.Debug|Win32.Build.0 = Debug|Win32
		{E7630738-26EB-AA58-5510-3DD7A648160D}.Release|Win32.ActiveCfg = Release|Win32
		{E7630738-26EB-AA58-5510-3DD7A648160D}.Release|Win32.Build.0 = Release|Win32
	EndGlobalSection
	GlobalSection(SolutionProperties) = preSolution
		HideSolutionNode = FALSE
	EndGlobalSection
EndGlobal
