<?xml version="1.0" encoding="utf-8"?>
<Project ToolsVersion="4.0" xmlns="http://schemas.microsoft.com/developer/msbuild/2003">
  <ItemGroup>
    <Filter Include="Data">
      <UniqueIdentifier>{3d3ea3c8-700a-470f-a392-a0041e1f4c8b}</UniqueIdentifier>
    </Filter>
    <Filter Include="Tree">
      <UniqueIdentifier>{4a5a393c-bfa4-4050-80e8-7b762cbad5aa}</UniqueIdentifier>
    </Filter>
    <Filter Include="Benchmark">
      <UniqueIdentifier>{ec9ffa87-2a9c-4c66-ab9e-0e37ee2d2b51}</UniqueIdentifier>
    </Filter>
  </ItemGroup>
  <ItemGroup>
    <ClInclude Include="Attribute.h">
      <Filter>Data</Filter>
    </ClInclude>
    <ClInclude Include="DataSet.h">
      <Filter>Data</Filter>
    </ClInclude>
    <ClInclude Include="Importer.h">
      <Filter>Data</Filter>
    </ClInclude>
    <ClInclude Include="Node.h">
      <Filter>Tree</Filter>
    </ClInclude>
    <ClInclude Include="SprintBuilder.h">
      <Filter>Tree</Filter>
    </ClInclude>
    <ClInclude Include="stdafx.h" />
    <ClInclude Include="Utils.h" />
    <ClInclude Include="Pruner.h">
      <Filter>Tree</Filter>
    </ClInclude>
    <ClInclude Include="Splitter.h">
      <Filter>Data</Filter>
    </ClInclude>
    <ClInclude Include="ConfusionMatrix.h">
      <Filter>Benchmark</Filter>
    </ClInclude>
    <ClInclude Include="Tester.h">
      <Filter>Benchmark</Filter>
    </ClInclude>
    <ClInclude Include="Benchmarker.h">
      <Filter>Benchmark</Filter>
    </ClInclude>
    <ClInclude Include="Builder.h">
      <Filter>Tree</Filter>
    </ClInclude>
    <ClInclude Include="RepPruner.h">
      <Filter>Tree</Filter>
    </ClInclude>
  </ItemGroup>
  <ItemGroup>
    <ClCompile Include="DataSet.cpp">
      <Filter>Data</Filter>
    </ClCompile>
    <ClCompile Include="Importer.cpp">
      <Filter>Data</Filter>
    </ClCompile>
    <ClCompile Include="Node.cpp">
      <Filter>Tree</Filter>
    </ClCompile>
    <ClCompile Include="SprintBuilder.cpp">
      <Filter>Tree</Filter>
    </ClCompile>
    <ClCompile Include="Utils.cpp" />
    <ClCompile Include="stdafx.cpp" />
    <ClCompile Include="Splitter.cpp">
      <Filter>Data</Filter>
    </ClCompile>
    <ClCompile Include="ConfusionMatrix.cpp">
      <Filter>Benchmark</Filter>
    </ClCompile>
    <ClCompile Include="Tester.cpp">
      <Filter>Benchmark</Filter>
    </ClCompile>
    <ClCompile Include="Benchmarker.cpp">
      <Filter>Benchmark</Filter>
    </ClCompile>
    <ClCompile Include="RepPruner.cpp">
      <Filter>Tree</Filter>
    </ClCompile>
    <ClCompile Include="Pruner.cpp">
      <Filter>Tree</Filter>
    </ClCompile>
  </ItemGroup>
</Project>